
Microsoft Visual Studio Solution File, Format Version 12.00
# Visual Studio Version 16
VisualStudioVersion = 16.0.31605.320
MinimumVisualStudioVersion = 10.0.40219.1
Project("{9A19103F-16F7-4668-BE54-9A1E7A4F7556}") = "IPSs", "IPSs.csproj", "{BF53C710-866F-4AF0-8460-869928071177}"
EndProject
Global
	GlobalSection(SolutionConfigurationPlatforms) = preSolution
		Debug|Any CPU = Debug|Any CPU
		Release|Any CPU = Release|Any CPU
	EndGlobalSection
	GlobalSection(ProjectConfigurationPlatforms) = postSolution
		{BF53C710-866F-4AF0-8460-869928071177}.Debug|Any CPU.ActiveCfg = Debug|Any CPU
		{BF53C710-866F-4AF0-8460-869928071177}.Debug|Any CPU.Build.0 = Debug|Any CPU
		{BF53C710-866F-4AF0-8460-869928071177}.Release|Any CPU.ActiveCfg = Release|Any CPU
		{BF53C710-866F-4AF0-8460-869928071177}.Release|Any CPU.Build.0 = Release|Any CPU
	EndGlobalSection
	GlobalSection(SolutionProperties) = preSolution
		HideSolutionNode = FALSE
	EndGlobalSection
	GlobalSection(ExtensibilityGlobals) = postSolution
		SolutionGuid = {EBAF0192-E755-487F-B514-20F56EB71E6E}
	EndGlobalSection
EndGlobal
